
Microsoft Visual Studio Solution File, Format Version 12.00
# Visual Studio Version 16
VisualStudioVersion = 16.0.31515.178
MinimumVisualStudioVersion = 10.0.40219.1
Project("{FAE04EC0-301F-11D3-BF4B-00C04F79EFBC}") = "Calculator", "Calculator\Calculator.csproj", "{5D8B942F-0952-4FD0-87E6-ACCB5C948C35}"
EndProject
Project("{FAE04EC0-301F-11D3-BF4B-00C04F79EFBC}") = "CalculatorTests", "CalculatorTests\CalculatorTests.csproj", "{32A90048-C925-401F-B84F-677EFD1864CE}"
EndProject
Global
	GlobalSection(SolutionConfigurationPlatforms) = preSolution
		Debug|Any CPU = Debug|Any CPU
		Release|Any CPU = Release|Any CPU
	EndGlobalSection
	GlobalSection(ProjectConfigurationPlatforms) = postSolution
		{5D8B942F-0952-4FD0-87E6-ACCB5C948C35}.Debug|Any CPU.ActiveCfg = Debug|Any CPU
		{5D8B942F-0952-4FD0-87E6-ACCB5C948C35}.Debug|Any CPU.Build.0 = Debug|Any CPU
		{5D8B942F-0952-4FD0-87E6-ACCB5C948C35}.Release|Any CPU.ActiveCfg = Release|Any CPU
		{5D8B942F-0952-4FD0-87E6-ACCB5C948C35}.Release|Any CPU.Build.0 = Release|Any CPU
		{32A90048-C925-401F-B84F-677EFD1864CE}.Debug|Any CPU.ActiveCfg = Debug|Any CPU
		{32A90048-C925-401F-B84F-677EFD1864CE}.Debug|Any CPU.Build.0 = Debug|Any CPU
		{32A90048-C925-401F-B84F-677EFD1864CE}.Release|Any CPU.ActiveCfg = Release|Any CPU
		{32A90048-C925-401F-B84F-677EFD1864CE}.Release|Any CPU.Build.0 = Release|Any CPU
	EndGlobalSection
	GlobalSection(SolutionProperties) = preSolution
		HideSolutionNode = FALSE
	EndGlobalSection
	GlobalSection(ExtensibilityGlobals) = postSolution
		SolutionGuid = {6C3CD490-E518-47E0-85C8-2ED36C0E2ADC}
	EndGlobalSection
EndGlobal
